
Microsoft Visual Studio Solution File, Format Version 12.00
# Visual Studio Version 16
VisualStudioVersion = 16.0.30413.136
MinimumVisualStudioVersion = 10.0.40219.1
Project("{9A19103F-16F7-4668-BE54-9A1E7A4F7556}") = "API", "BackendShell\API.csproj", "{791C8DCD-9854-4919-AFB5-EA9762D374E8}"
EndProject
Global
	GlobalSection(SolutionConfigurationPlatforms) = preSolution
		Debug|Any CPU = Debug|Any CPU
		Release|Any CPU = Release|Any CPU
	EndGlobalSection
	GlobalSection(ProjectConfigurationPlatforms) = postSolution
		{791C8DCD-9854-4919-AFB5-EA9762D374E8}.Debug|Any CPU.ActiveCfg = Debug|Any CPU
		{791C8DCD-9854-4919-AFB5-EA9762D374E8}.Debug|Any CPU.Build.0 = Debug|Any CPU
		{791C8DCD-9854-4919-AFB5-EA9762D374E8}.Release|Any CPU.ActiveCfg = Release|Any CPU
		{791C8DCD-9854-4919-AFB5-EA9762D374E8}.Release|Any CPU.Build.0 = Release|Any CPU
	EndGlobalSection
	GlobalSection(SolutionProperties) = preSolution
		HideSolutionNode = FALSE
	EndGlobalSection
	GlobalSection(ExtensibilityGlobals) = postSolution
		SolutionGuid = {71C0C193-7238-40F9-8B3D-ECD07F2D6C02}
	EndGlobalSection
EndGlobal
